
Microsoft Visual Studio Solution File, Format Version 12.00
# Visual Studio 15
VisualStudioVersion = 15.0.27130.2036
MinimumVisualStudioVersion = 10.0.40219.1
Project("{FAE04EC0-301F-11D3-BF4B-00C04F79EFBC}") = "AplicativoApi", "AplicativoApi\AplicativoApi.csproj", "{BFB593AC-7630-4F6C-A06A-294185E16963}"
EndProject
Global
	GlobalSection(SolutionConfigurationPlatforms) = preSolution
		Debug|Any CPU = Debug|Any CPU
		Release|Any CPU = Release|Any CPU
	EndGlobalSection
	GlobalSection(ProjectConfigurationPlatforms) = postSolution
		{BFB593AC-7630-4F6C-A06A-294185E16963}.Debug|Any CPU.ActiveCfg = Debug|Any CPU
		{BFB593AC-7630-4F6C-A06A-294185E16963}.Debug|Any CPU.Build.0 = Debug|Any CPU
		{BFB593AC-7630-4F6C-A06A-294185E16963}.Release|Any CPU.ActiveCfg = Release|Any CPU
		{BFB593AC-7630-4F6C-A06A-294185E16963}.Release|Any CPU.Build.0 = Release|Any CPU
	EndGlobalSection
	GlobalSection(SolutionProperties) = preSolution
		HideSolutionNode = FALSE
	EndGlobalSection
	GlobalSection(ExtensibilityGlobals) = postSolution
		SolutionGuid = {819FB80E-F0B2-47CE-BD34-C5A5A998A3B2}
	EndGlobalSection
EndGlobal
